
Microsoft Visual Studio Solution File, Format Version 12.00
# Visual Studio Version 16
VisualStudioVersion = 16.0.31424.327
MinimumVisualStudioVersion = 10.0.40219.1
Project("{9A19103F-16F7-4668-BE54-9A1E7A4F7556}") = "Test", "Test\Test.csproj", "{DE9AE532-C28F-42DD-8C32-2F3DCF7651EC}"
EndProject
Project("{FAE04EC0-301F-11D3-BF4B-00C04F79EFBC}") = "UnitTest", "UnitTest\UnitTest.csproj", "{8D1C054E-FE94-49AF-B76E-BDA7F6FD995E}"
EndProject
Global
	GlobalSection(SolutionConfigurationPlatforms) = preSolution
		Debug|Any CPU = Debug|Any CPU
		Release|Any CPU = Release|Any CPU
	EndGlobalSection
	GlobalSection(ProjectConfigurationPlatforms) = postSolution
		{DE9AE532-C28F-42DD-8C32-2F3DCF7651EC}.Debug|Any CPU.ActiveCfg = Debug|Any CPU
		{DE9AE532-C28F-42DD-8C32-2F3DCF7651EC}.Debug|Any CPU.Build.0 = Debug|Any CPU
		{DE9AE532-C28F-42DD-8C32-2F3DCF7651EC}.Release|Any CPU.ActiveCfg = Release|Any CPU
		{DE9AE532-C28F-42DD-8C32-2F3DCF7651EC}.Release|Any CPU.Build.0 = Release|Any CPU
		{8D1C054E-FE94-49AF-B76E-BDA7F6FD995E}.Debug|Any CPU.ActiveCfg = Debug|Any CPU
		{8D1C054E-FE94-49AF-B76E-BDA7F6FD995E}.Debug|Any CPU.Build.0 = Debug|Any CPU
		{8D1C054E-FE94-49AF-B76E-BDA7F6FD995E}.Release|Any CPU.ActiveCfg = Release|Any CPU
		{8D1C054E-FE94-49AF-B76E-BDA7F6FD995E}.Release|Any CPU.Build.0 = Release|Any CPU
	EndGlobalSection
	GlobalSection(SolutionProperties) = preSolution
		HideSolutionNode = FALSE
	EndGlobalSection
	GlobalSection(ExtensibilityGlobals) = postSolution
		SolutionGuid = {CBA80709-9014-4342-A0DF-94B8B595BA73}
	EndGlobalSection
EndGlobal
